
Microsoft Visual Studio Solution File, Format Version 12.00
# Visual Studio 15
VisualStudioVersion = 15.0.27703.2035
MinimumVisualStudioVersion = 10.0.40219.1
Project("{FAE04EC0-301F-11D3-BF4B-00C04F79EFBC}") = "InventorContentCenterExportForAppStore", "InventorContentCenterExport\InventorContentCenterExportForAppStore.csproj", "{B274E6F8-A905-4584-9460-565B806D6FC8}"
EndProject
Global
	GlobalSection(SolutionConfigurationPlatforms) = preSolution
		Debug|Any CPU = Debug|Any CPU
		Release|Any CPU = Release|Any CPU
	EndGlobalSection
	GlobalSection(ProjectConfigurationPlatforms) = postSolution
		{B274E6F8-A905-4584-9460-565B806D6FC8}.Debug|Any CPU.ActiveCfg = Debug|Any CPU
		{B274E6F8-A905-4584-9460-565B806D6FC8}.Debug|Any CPU.Build.0 = Debug|Any CPU
		{B274E6F8-A905-4584-9460-565B806D6FC8}.Release|Any CPU.ActiveCfg = Release|Any CPU
		{B274E6F8-A905-4584-9460-565B806D6FC8}.Release|Any CPU.Build.0 = Release|Any CPU
	EndGlobalSection
	GlobalSection(SolutionProperties) = preSolution
		HideSolutionNode = FALSE
	EndGlobalSection
	GlobalSection(ExtensibilityGlobals) = postSolution
		SolutionGuid = {5E7B684B-D5C7-4E45-861C-7C1E5854ED6E}
	EndGlobalSection
EndGlobal
